// !$*UTF8*$!
{
	archiveVersion = 1;
	classes = {
	};
	objectVersion = 46;
	objects = {

/* Begin PBXBuildFile section */
		3305A11B1DC6B2CE0095FCF5 /* SequenceViewAnimatorTests.swift in Sources */ = {isa = PBXBuildFile; fileRef = 3305A11A1DC6B2CE0095FCF5 /* SequenceViewAnimatorTests.swift */; };
		336A05711DE2C2C800A028C4 /* ContentConverterTests.swift in Sources */ = {isa = PBXBuildFile; fileRef = 336A05701DE2C2C800A028C4 /* ContentConverterTests.swift */; };
		33A8B00E1DEA952B00D72383 /* ContentElementTests.swift in Sources */ = {isa = PBXBuildFile; fileRef = 33A8B00D1DEA952B00D72383 /* ContentElementTests.swift */; };
		33A8B0101DEA9B5A00D72383 /* PositionTests.swift in Sources */ = {isa = PBXBuildFile; fileRef = 33A8B00F1DEA9B5A00D72383 /* PositionTests.swift */; };
		33A8B0191DEAAA5600D72383 /* UIImageExtensionsTests.swift in Sources */ = {isa = PBXBuildFile; fileRef = 33A8B0181DEAAA5600D72383 /* UIImageExtensionsTests.swift */; };
		33A8B0201DEAAED400D72383 /* TextAttributeTests.swift in Sources */ = {isa = PBXBuildFile; fileRef = 33A8B01F1DEAAED400D72383 /* TextAttributeTests.swift */; };
		33C09A2D1DE7EAAB005DFFAA /* SizeTests.swift in Sources */ = {isa = PBXBuildFile; fileRef = 33C09A2C1DE7EAAB005DFFAA /* SizeTests.swift */; };
		33C94AFC1DF545B5003E02F7 /* Animations.png in Resources */ = {isa = PBXBuildFile; fileRef = 33C94AFB1DF545B5003E02F7 /* Animations.png */; };
		33CD2D4E1DDAF11E0036B0CE /* SequenceViewAnimator.swift in Sources */ = {isa = PBXBuildFile; fileRef = 33CD2D4D1DDAF11E0036B0CE /* SequenceViewAnimator.swift */; };
		33CD2D501DDAF1D90036B0CE /* NotificationView.swift in Sources */ = {isa = PBXBuildFile; fileRef = 33CD2D4F1DDAF1D90036B0CE /* NotificationView.swift */; };
		533A97D51D0E2FD4008AF0BF /* ContentElementConverterTests.swift in Sources */ = {isa = PBXBuildFile; fileRef = 533A97D41D0E2FD4008AF0BF /* ContentElementConverterTests.swift */; };
		534AC30F1D2B7DDA00C79947 /* ContentPoint.swift in Sources */ = {isa = PBXBuildFile; fileRef = 534AC30E1D2B7DDA00C79947 /* ContentPoint.swift */; };
		5368DF1D1D599F6B00468CCB /* NotificationPresenter.swift in Sources */ = {isa = PBXBuildFile; fileRef = 5368DF1C1D599F6B00468CCB /* NotificationPresenter.swift */; };
		5368DF1F1D59A56B00468CCB /* Position.swift in Sources */ = {isa = PBXBuildFile; fileRef = 5368DF1E1D59A56B00468CCB /* Position.swift */; };
		5368DF211D59A9E100468CCB /* Presentation.swift in Sources */ = {isa = PBXBuildFile; fileRef = 5368DF201D59A9E100468CCB /* Presentation.swift */; };
		5368DF231D59AB5A00468CCB /* Size.swift in Sources */ = {isa = PBXBuildFile; fileRef = 5368DF221D59AB5A00468CCB /* Size.swift */; };
		53BE04DF1D0D037900958E63 /* UIImageExtensions.swift in Sources */ = {isa = PBXBuildFile; fileRef = 53BE04DE1D0D037900958E63 /* UIImageExtensions.swift */; };
		53BE04E31D0E0BC600958E63 /* TextAttribute.swift in Sources */ = {isa = PBXBuildFile; fileRef = 53BE04E21D0E0BC600958E63 /* TextAttribute.swift */; };
		53BE04E51D0E0C2C00958E63 /* ContentElement.swift in Sources */ = {isa = PBXBuildFile; fileRef = 53BE04E41D0E0C2C00958E63 /* ContentElement.swift */; };
		53BE04E71D0E0CC200958E63 /* ContentElementConverter.swift in Sources */ = {isa = PBXBuildFile; fileRef = 53BE04E61D0E0CC200958E63 /* ContentElementConverter.swift */; };
		53BE04E91D0E0D2000958E63 /* ContentConverter.swift in Sources */ = {isa = PBXBuildFile; fileRef = 53BE04E81D0E0D2000958E63 /* ContentConverter.swift */; };
		53BE04EB1D0E0D5F00958E63 /* TextAttributeConverter.swift in Sources */ = {isa = PBXBuildFile; fileRef = 53BE04EA1D0E0D5F00958E63 /* TextAttributeConverter.swift */; };
		53BE04ED1D0E102D00958E63 /* TextAttributeConverterTests.swift in Sources */ = {isa = PBXBuildFile; fileRef = 53BE04EC1D0E102D00958E63 /* TextAttributeConverterTests.swift */; };
		A72672771D03A8E500B08EBF /* Style.swift in Sources */ = {isa = PBXBuildFile; fileRef = A72672761D03A8E500B08EBF /* Style.swift */; };
		A72672791D053D6E00B08EBF /* ContentSize.swift in Sources */ = {isa = PBXBuildFile; fileRef = A72672781D053D6E00B08EBF /* ContentSize.swift */; };
		A726727F1D0620E000B08EBF /* ViewAnimationTests.swift in Sources */ = {isa = PBXBuildFile; fileRef = A726727E1D0620E000B08EBF /* ViewAnimationTests.swift */; };
		A72672811D0623A700B08EBF /* ViewAnimation.swift in Sources */ = {isa = PBXBuildFile; fileRef = A72672801D0623A700B08EBF /* ViewAnimation.swift */; };
		A72F56FA1D064040007B3542 /* ViewAnimationTaskQueue.swift in Sources */ = {isa = PBXBuildFile; fileRef = A72F56F91D064040007B3542 /* ViewAnimationTaskQueue.swift */; };
		A72F56FC1D06404B007B3542 /* ViewAnimationTask.swift in Sources */ = {isa = PBXBuildFile; fileRef = A72F56FB1D06404B007B3542 /* ViewAnimationTask.swift */; };
		A72F56FE1D064326007B3542 /* Animation.swift in Sources */ = {isa = PBXBuildFile; fileRef = A72F56FD1D064326007B3542 /* Animation.swift */; };
		A72F57001D069289007B3542 /* ViewAnimationTaskTests.swift in Sources */ = {isa = PBXBuildFile; fileRef = A72F56FF1D069289007B3542 /* ViewAnimationTaskTests.swift */; };
		A72F57021D072747007B3542 /* ViewAnimationTaskQueueTests.swift in Sources */ = {isa = PBXBuildFile; fileRef = A72F57011D072747007B3542 /* ViewAnimationTaskQueueTests.swift */; };
		A77BAFA41D26EDE20059A273 /* NSLayoutConstraintExtensionTests.swift in Sources */ = {isa = PBXBuildFile; fileRef = A77BAFA31D26EDE20059A273 /* NSLayoutConstraintExtensionTests.swift */; };
		A77BAFA61D26EF350059A273 /* NSLayoutConstraintExtension.swift in Sources */ = {isa = PBXBuildFile; fileRef = A77BAFA51D26EF350059A273 /* NSLayoutConstraintExtension.swift */; };
		A7A9CF4F1CFF7EFE0055A3F6 /* AppDelegate.swift in Sources */ = {isa = PBXBuildFile; fileRef = A7A9CF4E1CFF7EFE0055A3F6 /* AppDelegate.swift */; };
		A7A9CF701CFF7F400055A3F6 /* NotificaitonQueueTests.swift in Sources */ = {isa = PBXBuildFile; fileRef = A7A9CF6F1CFF7F400055A3F6 /* NotificaitonQueueTests.swift */; };
		A7A9CF721CFF80D50055A3F6 /* NotificationQueue.swift in Sources */ = {isa = PBXBuildFile; fileRef = A7A9CF711CFF80D50055A3F6 /* NotificationQueue.swift */; };
		A7A9CF741CFF8B140055A3F6 /* ToastContent.swift in Sources */ = {isa = PBXBuildFile; fileRef = A7A9CF731CFF8B140055A3F6 /* ToastContent.swift */; };
		A7DC1AC61D074862006D8E4B /* NotificationTests.swift in Sources */ = {isa = PBXBuildFile; fileRef = A7DC1AC51D074862006D8E4B /* NotificationTests.swift */; };
		A7DC1AC81D074949006D8E4B /* Notification.swift in Sources */ = {isa = PBXBuildFile; fileRef = A7DC1AC71D074949006D8E4B /* Notification.swift */; };
		A7ED30BA1D01E96F006494F2 /* ContentTests.swift in Sources */ = {isa = PBXBuildFile; fileRef = A7ED30B91D01E96F006494F2 /* ContentTests.swift */; };
/* End PBXBuildFile section */

/* Begin PBXContainerItemProxy section */
		A7A9CF601CFF7EFE0055A3F6 /* PBXContainerItemProxy */ = {
			isa = PBXContainerItemProxy;
			containerPortal = A7A9CF431CFF7EFE0055A3F6 /* Project object */;
			proxyType = 1;
			remoteGlobalIDString = A7A9CF4A1CFF7EFE0055A3F6;
			remoteInfo = ToastNotifications;
		};
/* End PBXContainerItemProxy section */

/* Begin PBXFileReference section */
		3305A11A1DC6B2CE0095FCF5 /* SequenceViewAnimatorTests.swift */ = {isa = PBXFileReference; fileEncoding = 4; lastKnownFileType = sourcecode.swift; path = SequenceViewAnimatorTests.swift; sourceTree = "<group>"; };
		336A05701DE2C2C800A028C4 /* ContentConverterTests.swift */ = {isa = PBXFileReference; fileEncoding = 4; lastKnownFileType = sourcecode.swift; path = ContentConverterTests.swift; sourceTree = "<group>"; };
		33A8B00D1DEA952B00D72383 /* ContentElementTests.swift */ = {isa = PBXFileReference; fileEncoding = 4; lastKnownFileType = sourcecode.swift; path = ContentElementTests.swift; sourceTree = "<group>"; };
		33A8B00F1DEA9B5A00D72383 /* PositionTests.swift */ = {isa = PBXFileReference; fileEncoding = 4; lastKnownFileType = sourcecode.swift; path = PositionTests.swift; sourceTree = "<group>"; };
		33A8B0181DEAAA5600D72383 /* UIImageExtensionsTests.swift */ = {isa = PBXFileReference; fileEncoding = 4; lastKnownFileType = sourcecode.swift; path = UIImageExtensionsTests.swift; sourceTree = "<group>"; };
		33A8B01F1DEAAED400D72383 /* TextAttributeTests.swift */ = {isa = PBXFileReference; fileEncoding = 4; lastKnownFileType = sourcecode.swift; path = TextAttributeTests.swift; sourceTree = "<group>"; };
		33C09A2C1DE7EAAB005DFFAA /* SizeTests.swift */ = {isa = PBXFileReference; fileEncoding = 4; lastKnownFileType = sourcecode.swift; path = SizeTests.swift; sourceTree = "<group>"; };
		33C94AFB1DF545B5003E02F7 /* Animations.png */ = {isa = PBXFileReference; lastKnownFileType = image.png; path = Animations.png; sourceTree = "<group>"; };
		33CD2D4D1DDAF11E0036B0CE /* SequenceViewAnimator.swift */ = {isa = PBXFileReference; fileEncoding = 4; lastKnownFileType = sourcecode.swift; path = SequenceViewAnimator.swift; sourceTree = "<group>"; };
		33CD2D4F1DDAF1D90036B0CE /* NotificationView.swift */ = {isa = PBXFileReference; fileEncoding = 4; lastKnownFileType = sourcecode.swift; path = NotificationView.swift; sourceTree = "<group>"; };
		533A97D41D0E2FD4008AF0BF /* ContentElementConverterTests.swift */ = {isa = PBXFileReference; fileEncoding = 4; lastKnownFileType = sourcecode.swift; path = ContentElementConverterTests.swift; sourceTree = "<group>"; };
		534AC30E1D2B7DDA00C79947 /* ContentPoint.swift */ = {isa = PBXFileReference; fileEncoding = 4; lastKnownFileType = sourcecode.swift; path = ContentPoint.swift; sourceTree = "<group>"; };
		5368DF1C1D599F6B00468CCB /* NotificationPresenter.swift */ = {isa = PBXFileReference; fileEncoding = 4; lastKnownFileType = sourcecode.swift; path = NotificationPresenter.swift; sourceTree = "<group>"; };
		5368DF1E1D59A56B00468CCB /* Position.swift */ = {isa = PBXFileReference; fileEncoding = 4; lastKnownFileType = sourcecode.swift; path = Position.swift; sourceTree = "<group>"; };
		5368DF201D59A9E100468CCB /* Presentation.swift */ = {isa = PBXFileReference; fileEncoding = 4; lastKnownFileType = sourcecode.swift; path = Presentation.swift; sourceTree = "<group>"; };
		5368DF221D59AB5A00468CCB /* Size.swift */ = {isa = PBXFileReference; fileEncoding = 4; lastKnownFileType = sourcecode.swift; path = Size.swift; sourceTree = "<group>"; };
		53BE04DE1D0D037900958E63 /* UIImageExtensions.swift */ = {isa = PBXFileReference; fileEncoding = 4; lastKnownFileType = sourcecode.swift; path = UIImageExtensions.swift; sourceTree = "<group>"; };
		53BE04E21D0E0BC600958E63 /* TextAttribute.swift */ = {isa = PBXFileReference; fileEncoding = 4; lastKnownFileType = sourcecode.swift; path = TextAttribute.swift; sourceTree = "<group>"; };
		53BE04E41D0E0C2C00958E63 /* ContentElement.swift */ = {isa = PBXFileReference; fileEncoding = 4; lastKnownFileType = sourcecode.swift; path = ContentElement.swift; sourceTree = "<group>"; };
		53BE04E61D0E0CC200958E63 /* ContentElementConverter.swift */ = {isa = PBXFileReference; fileEncoding = 4; lastKnownFileType = sourcecode.swift; path = ContentElementConverter.swift; sourceTree = "<group>"; };
		53BE04E81D0E0D2000958E63 /* ContentConverter.swift */ = {isa = PBXFileReference; fileEncoding = 4; lastKnownFileType = sourcecode.swift; path = ContentConverter.swift; sourceTree = "<group>"; };
		53BE04EA1D0E0D5F00958E63 /* TextAttributeConverter.swift */ = {isa = PBXFileReference; fileEncoding = 4; lastKnownFileType = sourcecode.swift; path = TextAttributeConverter.swift; sourceTree = "<group>"; };
		53BE04EC1D0E102D00958E63 /* TextAttributeConverterTests.swift */ = {isa = PBXFileReference; fileEncoding = 4; lastKnownFileType = sourcecode.swift; path = TextAttributeConverterTests.swift; sourceTree = "<group>"; };
		A72672761D03A8E500B08EBF /* Style.swift */ = {isa = PBXFileReference; fileEncoding = 4; lastKnownFileType = sourcecode.swift; path = Style.swift; sourceTree = "<group>"; };
		A72672781D053D6E00B08EBF /* ContentSize.swift */ = {isa = PBXFileReference; fileEncoding = 4; lastKnownFileType = sourcecode.swift; path = ContentSize.swift; sourceTree = "<group>"; };
		A726727E1D0620E000B08EBF /* ViewAnimationTests.swift */ = {isa = PBXFileReference; fileEncoding = 4; lastKnownFileType = sourcecode.swift; path = ViewAnimationTests.swift; sourceTree = "<group>"; };
		A72672801D0623A700B08EBF /* ViewAnimation.swift */ = {isa = PBXFileReference; fileEncoding = 4; lastKnownFileType = sourcecode.swift; path = ViewAnimation.swift; sourceTree = "<group>"; };
		A72F56F91D064040007B3542 /* ViewAnimationTaskQueue.swift */ = {isa = PBXFileReference; fileEncoding = 4; lastKnownFileType = sourcecode.swift; path = ViewAnimationTaskQueue.swift; sourceTree = "<group>"; };
		A72F56FB1D06404B007B3542 /* ViewAnimationTask.swift */ = {isa = PBXFileReference; fileEncoding = 4; lastKnownFileType = sourcecode.swift; path = ViewAnimationTask.swift; sourceTree = "<group>"; };
		A72F56FD1D064326007B3542 /* Animation.swift */ = {isa = PBXFileReference; fileEncoding = 4; lastKnownFileType = sourcecode.swift; path = Animation.swift; sourceTree = "<group>"; };
		A72F56FF1D069289007B3542 /* ViewAnimationTaskTests.swift */ = {isa = PBXFileReference; fileEncoding = 4; lastKnownFileType = sourcecode.swift; path = ViewAnimationTaskTests.swift; sourceTree = "<group>"; };
		A72F57011D072747007B3542 /* ViewAnimationTaskQueueTests.swift */ = {isa = PBXFileReference; fileEncoding = 4; lastKnownFileType = sourcecode.swift; path = ViewAnimationTaskQueueTests.swift; sourceTree = "<group>"; };
		A77BAFA31D26EDE20059A273 /* NSLayoutConstraintExtensionTests.swift */ = {isa = PBXFileReference; fileEncoding = 4; lastKnownFileType = sourcecode.swift; path = NSLayoutConstraintExtensionTests.swift; sourceTree = "<group>"; };
		A77BAFA51D26EF350059A273 /* NSLayoutConstraintExtension.swift */ = {isa = PBXFileReference; fileEncoding = 4; lastKnownFileType = sourcecode.swift; path = NSLayoutConstraintExtension.swift; sourceTree = "<group>"; };
		A7A9CF4B1CFF7EFE0055A3F6 /* ToastNotifications.app */ = {isa = PBXFileReference; explicitFileType = wrapper.application; includeInIndex = 0; path = ToastNotifications.app; sourceTree = BUILT_PRODUCTS_DIR; };
		A7A9CF4E1CFF7EFE0055A3F6 /* AppDelegate.swift */ = {isa = PBXFileReference; lastKnownFileType = sourcecode.swift; path = AppDelegate.swift; sourceTree = "<group>"; };
		A7A9CF5A1CFF7EFE0055A3F6 /* Info.plist */ = {isa = PBXFileReference; lastKnownFileType = text.plist.xml; path = Info.plist; sourceTree = "<group>"; };
		A7A9CF5F1CFF7EFE0055A3F6 /* ToastNotificationsTests.xctest */ = {isa = PBXFileReference; explicitFileType = wrapper.cfbundle; includeInIndex = 0; path = ToastNotificationsTests.xctest; sourceTree = BUILT_PRODUCTS_DIR; };
		A7A9CF651CFF7EFE0055A3F6 /* Info.plist */ = {isa = PBXFileReference; lastKnownFileType = text.plist.xml; path = Info.plist; sourceTree = "<group>"; };
		A7A9CF6E1CFF7F400055A3F6 /* ToastNotificationsTests-Bridging-Header.h */ = {isa = PBXFileReference; lastKnownFileType = sourcecode.c.h; path = "ToastNotificationsTests-Bridging-Header.h"; sourceTree = "<group>"; };
		A7A9CF6F1CFF7F400055A3F6 /* NotificaitonQueueTests.swift */ = {isa = PBXFileReference; fileEncoding = 4; lastKnownFileType = sourcecode.swift; path = NotificaitonQueueTests.swift; sourceTree = "<group>"; };
		A7A9CF711CFF80D50055A3F6 /* NotificationQueue.swift */ = {isa = PBXFileReference; fileEncoding = 4; lastKnownFileType = sourcecode.swift; path = NotificationQueue.swift; sourceTree = "<group>"; };
		A7A9CF731CFF8B140055A3F6 /* ToastContent.swift */ = {isa = PBXFileReference; fileEncoding = 4; lastKnownFileType = sourcecode.swift; path = ToastContent.swift; sourceTree = "<group>"; };
		A7DC1AC51D074862006D8E4B /* NotificationTests.swift */ = {isa = PBXFileReference; fileEncoding = 4; lastKnownFileType = sourcecode.swift; path = NotificationTests.swift; sourceTree = "<group>"; };
		A7DC1AC71D074949006D8E4B /* Notification.swift */ = {isa = PBXFileReference; fileEncoding = 4; lastKnownFileType = sourcecode.swift; path = Notification.swift; sourceTree = "<group>"; };
		A7ED30B91D01E96F006494F2 /* ContentTests.swift */ = {isa = PBXFileReference; fileEncoding = 4; lastKnownFileType = sourcecode.swift; path = ContentTests.swift; sourceTree = "<group>"; };
/* End PBXFileReference section */

/* Begin PBXFrameworksBuildPhase section */
		A7A9CF481CFF7EFE0055A3F6 /* Frameworks */ = {
			isa = PBXFrameworksBuildPhase;
			buildActionMask = 2147483647;
			files = (
			);
			runOnlyForDeploymentPostprocessing = 0;
		};
		A7A9CF5C1CFF7EFE0055A3F6 /* Frameworks */ = {
			isa = PBXFrameworksBuildPhase;
			buildActionMask = 2147483647;
			files = (
			);
			runOnlyForDeploymentPostprocessing = 0;
		};
/* End PBXFrameworksBuildPhase section */

/* Begin PBXGroup section */
		336A056D1DE2A31100A028C4 /* Presentation */ = {
			isa = PBXGroup;
			children = (
				A72672761D03A8E500B08EBF /* Style.swift */,
				5368DF1E1D59A56B00468CCB /* Position.swift */,
				5368DF221D59AB5A00468CCB /* Size.swift */,
				5368DF201D59A9E100468CCB /* Presentation.swift */,
			);
			name = Presentation;
			sourceTree = "<group>";
		};
		336A056E1DE2A32700A028C4 /* Animation */ = {
			isa = PBXGroup;
			children = (
				A72F56FD1D064326007B3542 /* Animation.swift */,
			);
			name = Animation;
			sourceTree = "<group>";
		};
		336A056F1DE2A36500A028C4 /* NotificationView */ = {
			isa = PBXGroup;
			children = (
				53BE04EA1D0E0D5F00958E63 /* TextAttributeConverter.swift */,
				53BE04E61D0E0CC200958E63 /* ContentElementConverter.swift */,
				53BE04E81D0E0D2000958E63 /* ContentConverter.swift */,
				33CD2D4F1DDAF1D90036B0CE /* NotificationView.swift */,
				5368DF1C1D599F6B00468CCB /* NotificationPresenter.swift */,
			);
			name = NotificationView;
			sourceTree = "<group>";
		};
		33A8B0111DEAA8BB00D72383 /* ViewAnimation */ = {
			isa = PBXGroup;
			children = (
				A726727E1D0620E000B08EBF /* ViewAnimationTests.swift */,
				A72F56FF1D069289007B3542 /* ViewAnimationTaskTests.swift */,
				A72F57011D072747007B3542 /* ViewAnimationTaskQueueTests.swift */,
				3305A11A1DC6B2CE0095FCF5 /* SequenceViewAnimatorTests.swift */,
			);
			name = ViewAnimation;
			sourceTree = "<group>";
		};
		33A8B0121DEAA8D900D72383 /* Notification */ = {
			isa = PBXGroup;
			children = (
				A7DC1AC51D074862006D8E4B /* NotificationTests.swift */,
				A7A9CF6F1CFF7F400055A3F6 /* NotificaitonQueueTests.swift */,
				33A8B0151DEAA93900D72383 /* Content */,
				33A8B0141DEAA90400D72383 /* Presentation */,
				33A8B0131DEAA8E700D72383 /* Animation */,
			);
			name = Notification;
			sourceTree = "<group>";
		};
		33A8B0131DEAA8E700D72383 /* Animation */ = {
			isa = PBXGroup;
			children = (
			);
			name = Animation;
			sourceTree = "<group>";
		};
		33A8B0141DEAA90400D72383 /* Presentation */ = {
			isa = PBXGroup;
			children = (
				33A8B00F1DEA9B5A00D72383 /* PositionTests.swift */,
				33C09A2C1DE7EAAB005DFFAA /* SizeTests.swift */,
			);
			name = Presentation;
			sourceTree = "<group>";
		};
		33A8B0151DEAA93900D72383 /* Content */ = {
			isa = PBXGroup;
			children = (
				33A8B00D1DEA952B00D72383 /* ContentElementTests.swift */,
				A7ED30B91D01E96F006494F2 /* ContentTests.swift */,
				33A8B01F1DEAAED400D72383 /* TextAttributeTests.swift */,
			);
			name = Content;
			sourceTree = "<group>";
		};
		33A8B0161DEAA99500D72383 /* NotificationView */ = {
			isa = PBXGroup;
			children = (
				53BE04EC1D0E102D00958E63 /* TextAttributeConverterTests.swift */,
				336A05701DE2C2C800A028C4 /* ContentConverterTests.swift */,
				533A97D41D0E2FD4008AF0BF /* ContentElementConverterTests.swift */,
			);
			name = NotificationView;
			sourceTree = "<group>";
		};
		33A8B0171DEAA9D500D72383 /* Extensions */ = {
			isa = PBXGroup;
			children = (
				A77BAFA31D26EDE20059A273 /* NSLayoutConstraintExtensionTests.swift */,
				33A8B0181DEAAA5600D72383 /* UIImageExtensionsTests.swift */,
			);
			name = Extensions;
			sourceTree = "<group>";
		};
		534AC3101D2B840C00C79947 /* Content */ = {
			isa = PBXGroup;
			children = (
				534AC30E1D2B7DDA00C79947 /* ContentPoint.swift */,
				A72672781D053D6E00B08EBF /* ContentSize.swift */,
				53BE04E41D0E0C2C00958E63 /* ContentElement.swift */,
				53BE04E21D0E0BC600958E63 /* TextAttribute.swift */,
				A7A9CF731CFF8B140055A3F6 /* ToastContent.swift */,
			);
			name = Content;
			sourceTree = "<group>";
		};
		534AC3111D2B842800C79947 /* Notification */ = {
			isa = PBXGroup;
			children = (
				336A056E1DE2A32700A028C4 /* Animation */,
				336A056D1DE2A31100A028C4 /* Presentation */,
				534AC3101D2B840C00C79947 /* Content */,
				A7DC1AC71D074949006D8E4B /* Notification.swift */,
				A7A9CF711CFF80D50055A3F6 /* NotificationQueue.swift */,
			);
			name = Notification;
			sourceTree = "<group>";
		};
		534AC3121D2B845700C79947 /* ViewAnimation */ = {
			isa = PBXGroup;
			children = (
				A72672801D0623A700B08EBF /* ViewAnimation.swift */,
				A72F56FB1D06404B007B3542 /* ViewAnimationTask.swift */,
				A72F56F91D064040007B3542 /* ViewAnimationTaskQueue.swift */,
				33CD2D4D1DDAF11E0036B0CE /* SequenceViewAnimator.swift */,
			);
			name = ViewAnimation;
			sourceTree = "<group>";
		};
		534AC3131D2B846A00C79947 /* Extensions */ = {
			isa = PBXGroup;
			children = (
				53BE04DE1D0D037900958E63 /* UIImageExtensions.swift */,
				A77BAFA51D26EF350059A273 /* NSLayoutConstraintExtension.swift */,
			);
			name = Extensions;
			sourceTree = "<group>";
		};
		A7A9CF421CFF7EFE0055A3F6 = {
			isa = PBXGroup;
			children = (
				A7A9CF4D1CFF7EFE0055A3F6 /* ToastNotifications */,
				A7A9CF621CFF7EFE0055A3F6 /* ToastNotificationsTests */,
				A7A9CF4C1CFF7EFE0055A3F6 /* Products */,
			);
			sourceTree = "<group>";
		};
		A7A9CF4C1CFF7EFE0055A3F6 /* Products */ = {
			isa = PBXGroup;
			children = (
				A7A9CF4B1CFF7EFE0055A3F6 /* ToastNotifications.app */,
				A7A9CF5F1CFF7EFE0055A3F6 /* ToastNotificationsTests.xctest */,
			);
			name = Products;
			sourceTree = "<group>";
		};
		A7A9CF4D1CFF7EFE0055A3F6 /* ToastNotifications */ = {
			isa = PBXGroup;
			children = (
				534AC3121D2B845700C79947 /* ViewAnimation */,
				534AC3111D2B842800C79947 /* Notification */,
				336A056F1DE2A36500A028C4 /* NotificationView */,
				534AC3131D2B846A00C79947 /* Extensions */,
				A7A9CF4E1CFF7EFE0055A3F6 /* AppDelegate.swift */,
				A7A9CF5A1CFF7EFE0055A3F6 /* Info.plist */,
				33C94AFB1DF545B5003E02F7 /* Animations.png */,
			);
			path = ToastNotifications;
			sourceTree = "<group>";
		};
		A7A9CF621CFF7EFE0055A3F6 /* ToastNotificationsTests */ = {
			isa = PBXGroup;
			children = (
				33A8B0161DEAA99500D72383 /* NotificationView */,
				33A8B0121DEAA8D900D72383 /* Notification */,
				33A8B0111DEAA8BB00D72383 /* ViewAnimation */,
				33A8B0171DEAA9D500D72383 /* Extensions */,
				A7A9CF651CFF7EFE0055A3F6 /* Info.plist */,
				A7A9CF6E1CFF7F400055A3F6 /* ToastNotificationsTests-Bridging-Header.h */,
			);
			path = ToastNotificationsTests;
			sourceTree = "<group>";
		};
/* End PBXGroup section */

/* Begin PBXNativeTarget section */
		A7A9CF4A1CFF7EFE0055A3F6 /* ToastNotifications */ = {
			isa = PBXNativeTarget;
			buildConfigurationList = A7A9CF681CFF7EFE0055A3F6 /* Build configuration list for PBXNativeTarget "ToastNotifications" */;
			buildPhases = (
				A7A9CF471CFF7EFE0055A3F6 /* Sources */,
				A7A9CF481CFF7EFE0055A3F6 /* Frameworks */,
				A7A9CF491CFF7EFE0055A3F6 /* Resources */,
			);
			buildRules = (
			);
			dependencies = (
			);
			name = ToastNotifications;
			productName = ToastNotifications;
			productReference = A7A9CF4B1CFF7EFE0055A3F6 /* ToastNotifications.app */;
			productType = "com.apple.product-type.application";
		};
		A7A9CF5E1CFF7EFE0055A3F6 /* ToastNotificationsTests */ = {
			isa = PBXNativeTarget;
			buildConfigurationList = A7A9CF6B1CFF7EFE0055A3F6 /* Build configuration list for PBXNativeTarget "ToastNotificationsTests" */;
			buildPhases = (
				A7A9CF5B1CFF7EFE0055A3F6 /* Sources */,
				A7A9CF5C1CFF7EFE0055A3F6 /* Frameworks */,
				A7A9CF5D1CFF7EFE0055A3F6 /* Resources */,
			);
			buildRules = (
			);
			dependencies = (
				A7A9CF611CFF7EFE0055A3F6 /* PBXTargetDependency */,
			);
			name = ToastNotificationsTests;
			productName = ToastNotificationsTests;
			productReference = A7A9CF5F1CFF7EFE0055A3F6 /* ToastNotificationsTests.xctest */;
			productType = "com.apple.product-type.bundle.unit-test";
		};
/* End PBXNativeTarget section */

/* Begin PBXProject section */
		A7A9CF431CFF7EFE0055A3F6 /* Project object */ = {
			isa = PBXProject;
			attributes = {
				LastSwiftUpdateCheck = 0730;
				LastUpgradeCheck = 0800;
				ORGANIZATIONNAME = "Erick Andrade";
				TargetAttributes = {
					A7A9CF4A1CFF7EFE0055A3F6 = {
						CreatedOnToolsVersion = 7.3.1;
						LastSwiftMigration = 0800;
					};
					A7A9CF5E1CFF7EFE0055A3F6 = {
						CreatedOnToolsVersion = 7.3.1;
						LastSwiftMigration = 0800;
						TestTargetID = A7A9CF4A1CFF7EFE0055A3F6;
					};
				};
			};
			buildConfigurationList = A7A9CF461CFF7EFE0055A3F6 /* Build configuration list for PBXProject "ToastNotifications" */;
			compatibilityVersion = "Xcode 3.2";
			developmentRegion = English;
			hasScannedForEncodings = 0;
			knownRegions = (
				en,
				Base,
			);
			mainGroup = A7A9CF421CFF7EFE0055A3F6;
			productRefGroup = A7A9CF4C1CFF7EFE0055A3F6 /* Products */;
			projectDirPath = "";
			projectRoot = "";
			targets = (
				A7A9CF4A1CFF7EFE0055A3F6 /* ToastNotifications */,
				A7A9CF5E1CFF7EFE0055A3F6 /* ToastNotificationsTests */,
			);
		};
/* End PBXProject section */

/* Begin PBXResourcesBuildPhase section */
		A7A9CF491CFF7EFE0055A3F6 /* Resources */ = {
			isa = PBXResourcesBuildPhase;
			buildActionMask = 2147483647;
			files = (
				33C94AFC1DF545B5003E02F7 /* Animations.png in Resources */,
			);
			runOnlyForDeploymentPostprocessing = 0;
		};
		A7A9CF5D1CFF7EFE0055A3F6 /* Resources */ = {
			isa = PBXResourcesBuildPhase;
			buildActionMask = 2147483647;
			files = (
			);
			runOnlyForDeploymentPostprocessing = 0;
		};
/* End PBXResourcesBuildPhase section */

/* Begin PBXSourcesBuildPhase section */
		A7A9CF471CFF7EFE0055A3F6 /* Sources */ = {
			isa = PBXSourcesBuildPhase;
			buildActionMask = 2147483647;
			files = (
				A7DC1AC81D074949006D8E4B /* Notification.swift in Sources */,
				A72F56FE1D064326007B3542 /* Animation.swift in Sources */,
				53BE04E91D0E0D2000958E63 /* ContentConverter.swift in Sources */,
				53BE04E51D0E0C2C00958E63 /* ContentElement.swift in Sources */,
				33CD2D4E1DDAF11E0036B0CE /* SequenceViewAnimator.swift in Sources */,
				53BE04E71D0E0CC200958E63 /* ContentElementConverter.swift in Sources */,
				5368DF1F1D59A56B00468CCB /* Position.swift in Sources */,
				A72672811D0623A700B08EBF /* ViewAnimation.swift in Sources */,
				A72672771D03A8E500B08EBF /* Style.swift in Sources */,
				A7A9CF741CFF8B140055A3F6 /* ToastContent.swift in Sources */,
				5368DF211D59A9E100468CCB /* Presentation.swift in Sources */,
				A7A9CF4F1CFF7EFE0055A3F6 /* AppDelegate.swift in Sources */,
				5368DF231D59AB5A00468CCB /* Size.swift in Sources */,
				A7A9CF721CFF80D50055A3F6 /* NotificationQueue.swift in Sources */,
				33CD2D501DDAF1D90036B0CE /* NotificationView.swift in Sources */,
				53BE04DF1D0D037900958E63 /* UIImageExtensions.swift in Sources */,
				53BE04E31D0E0BC600958E63 /* TextAttribute.swift in Sources */,
				A72F56FC1D06404B007B3542 /* ViewAnimationTask.swift in Sources */,
				A77BAFA61D26EF350059A273 /* NSLayoutConstraintExtension.swift in Sources */,
				A72F56FA1D064040007B3542 /* ViewAnimationTaskQueue.swift in Sources */,
				A72672791D053D6E00B08EBF /* ContentSize.swift in Sources */,
				5368DF1D1D599F6B00468CCB /* NotificationPresenter.swift in Sources */,
				53BE04EB1D0E0D5F00958E63 /* TextAttributeConverter.swift in Sources */,
				534AC30F1D2B7DDA00C79947 /* ContentPoint.swift in Sources */,
			);
			runOnlyForDeploymentPostprocessing = 0;
		};
		A7A9CF5B1CFF7EFE0055A3F6 /* Sources */ = {
			isa = PBXSourcesBuildPhase;
			buildActionMask = 2147483647;
			files = (
				53BE04ED1D0E102D00958E63 /* TextAttributeConverterTests.swift in Sources */,
				A77BAFA41D26EDE20059A273 /* NSLayoutConstraintExtensionTests.swift in Sources */,
				336A05711DE2C2C800A028C4 /* ContentConverterTests.swift in Sources */,
				A72F57021D072747007B3542 /* ViewAnimationTaskQueueTests.swift in Sources */,
				33C09A2D1DE7EAAB005DFFAA /* SizeTests.swift in Sources */,
				33A8B00E1DEA952B00D72383 /* ContentElementTests.swift in Sources */,
				33A8B0101DEA9B5A00D72383 /* PositionTests.swift in Sources */,
				533A97D51D0E2FD4008AF0BF /* ContentElementConverterTests.swift in Sources */,
				A7A9CF701CFF7F400055A3F6 /* NotificaitonQueueTests.swift in Sources */,
				33A8B0191DEAAA5600D72383 /* UIImageExtensionsTests.swift in Sources */,
				A726727F1D0620E000B08EBF /* ViewAnimationTests.swift in Sources */,
				A7ED30BA1D01E96F006494F2 /* ContentTests.swift in Sources */,
				3305A11B1DC6B2CE0095FCF5 /* SequenceViewAnimatorTests.swift in Sources */,
				A72F57001D069289007B3542 /* ViewAnimationTaskTests.swift in Sources */,
				A7DC1AC61D074862006D8E4B /* NotificationTests.swift in Sources */,
				33A8B0201DEAAED400D72383 /* TextAttributeTests.swift in Sources */,
			);
			runOnlyForDeploymentPostprocessing = 0;
		};
/* End PBXSourcesBuildPhase section */

/* Begin PBXTargetDependency section */
		A7A9CF611CFF7EFE0055A3F6 /* PBXTargetDependency */ = {
			isa = PBXTargetDependency;
			target = A7A9CF4A1CFF7EFE0055A3F6 /* ToastNotifications */;
			targetProxy = A7A9CF601CFF7EFE0055A3F6 /* PBXContainerItemProxy */;
		};
/* End PBXTargetDependency section */

/* Begin XCBuildConfiguration section */
		A7A9CF661CFF7EFE0055A3F6 /* Debug */ = {
			isa = XCBuildConfiguration;
			buildSettings = {
				ALWAYS_SEARCH_USER_PATHS = NO;
				CLANG_ANALYZER_NONNULL = YES;
				CLANG_CXX_LANGUAGE_STANDARD = "gnu++0x";
				CLANG_CXX_LIBRARY = "libc++";
				CLANG_ENABLE_MODULES = YES;
				CLANG_ENABLE_OBJC_ARC = YES;
				CLANG_WARN_BOOL_CONVERSION = YES;
				CLANG_WARN_CONSTANT_CONVERSION = YES;
				CLANG_WARN_DIRECT_OBJC_ISA_USAGE = YES_ERROR;
				CLANG_WARN_EMPTY_BODY = YES;
				CLANG_WARN_ENUM_CONVERSION = YES;
				CLANG_WARN_INFINITE_RECURSION = YES;
				CLANG_WARN_INT_CONVERSION = YES;
				CLANG_WARN_OBJC_ROOT_CLASS = YES_ERROR;
				CLANG_WARN_SUSPICIOUS_MOVE = YES;
				CLANG_WARN_UNREACHABLE_CODE = YES;
				CLANG_WARN__DUPLICATE_METHOD_MATCH = YES;
				"CODE_SIGN_IDENTITY[sdk=iphoneos*]" = "iPhone Developer";
				COPY_PHASE_STRIP = NO;
				DEBUG_INFORMATION_FORMAT = dwarf;
				ENABLE_STRICT_OBJC_MSGSEND = YES;
				ENABLE_TESTABILITY = YES;
				GCC_C_LANGUAGE_STANDARD = gnu99;
				GCC_DYNAMIC_NO_PIC = NO;
				GCC_NO_COMMON_BLOCKS = YES;
				GCC_OPTIMIZATION_LEVEL = 0;
				GCC_PREPROCESSOR_DEFINITIONS = (
					"DEBUG=1",
					"$(inherited)",
				);
				GCC_WARN_64_TO_32_BIT_CONVERSION = YES;
				GCC_WARN_ABOUT_RETURN_TYPE = YES_ERROR;
				GCC_WARN_UNDECLARED_SELECTOR = YES;
				GCC_WARN_UNINITIALIZED_AUTOS = YES_AGGRESSIVE;
				GCC_WARN_UNUSED_FUNCTION = YES;
				GCC_WARN_UNUSED_VARIABLE = YES;
				IPHONEOS_DEPLOYMENT_TARGET = 9.3;
				MTL_ENABLE_DEBUG_INFO = YES;
				ONLY_ACTIVE_ARCH = YES;
				SDKROOT = iphoneos;
				SWIFT_OPTIMIZATION_LEVEL = "-Onone";
				TARGETED_DEVICE_FAMILY = "1,2";
			};
			name = Debug;
		};
		A7A9CF671CFF7EFE0055A3F6 /* Release */ = {
			isa = XCBuildConfiguration;
			buildSettings = {
				ALWAYS_SEARCH_USER_PATHS = NO;
				CLANG_ANALYZER_NONNULL = YES;
				CLANG_CXX_LANGUAGE_STANDARD = "gnu++0x";
				CLANG_CXX_LIBRARY = "libc++";
				CLANG_ENABLE_MODULES = YES;
				CLANG_ENABLE_OBJC_ARC = YES;
				CLANG_WARN_BOOL_CONVERSION = YES;
				CLANG_WARN_CONSTANT_CONVERSION = YES;
				CLANG_WARN_DIRECT_OBJC_ISA_USAGE = YES_ERROR;
				CLANG_WARN_EMPTY_BODY = YES;
				CLANG_WARN_ENUM_CONVERSION = YES;
				CLANG_WARN_INFINITE_RECURSION = YES;
				CLANG_WARN_INT_CONVERSION = YES;
				CLANG_WARN_OBJC_ROOT_CLASS = YES_ERROR;
				CLANG_WARN_SUSPICIOUS_MOVE = YES;
				CLANG_WARN_UNREACHABLE_CODE = YES;
				CLANG_WARN__DUPLICATE_METHOD_MATCH = YES;
				"CODE_SIGN_IDENTITY[sdk=iphoneos*]" = "iPhone Developer";
				COPY_PHASE_STRIP = NO;
				DEBUG_INFORMATION_FORMAT = "dwarf-with-dsym";
				ENABLE_NS_ASSERTIONS = NO;
				ENABLE_STRICT_OBJC_MSGSEND = YES;
				GCC_C_LANGUAGE_STANDARD = gnu99;
				GCC_NO_COMMON_BLOCKS = YES;
				GCC_WARN_64_TO_32_BIT_CONVERSION = YES;
				GCC_WARN_ABOUT_RETURN_TYPE = YES_ERROR;
				GCC_WARN_UNDECLARED_SELECTOR = YES;
				GCC_WARN_UNINITIALIZED_AUTOS = YES_AGGRESSIVE;
				GCC_WARN_UNUSED_FUNCTION = YES;
				GCC_WARN_UNUSED_VARIABLE = YES;
				IPHONEOS_DEPLOYMENT_TARGET = 9.3;
				MTL_ENABLE_DEBUG_INFO = NO;
				SDKROOT = iphoneos;
				SWIFT_OPTIMIZATION_LEVEL = "-Owholemodule";
				TARGETED_DEVICE_FAMILY = "1,2";
				VALIDATE_PRODUCT = YES;
			};
			name = Release;
		};
		A7A9CF691CFF7EFE0055A3F6 /* Debug */ = {
			isa = XCBuildConfiguration;
			buildSettings = {
				INFOPLIST_FILE = ToastNotifications/Info.plist;
				LD_RUNPATH_SEARCH_PATHS = "$(inherited) @executable_path/Frameworks";
				PRODUCT_BUNDLE_IDENTIFIER = com.pman215.ToastNotifications;
				PRODUCT_NAME = "$(TARGET_NAME)";
				SWIFT_VERSION = 3.0;
			};
			name = Debug;
		};
		A7A9CF6A1CFF7EFE0055A3F6 /* Release */ = {
			isa = XCBuildConfiguration;
			buildSettings = {
				INFOPLIST_FILE = ToastNotifications/Info.plist;
				LD_RUNPATH_SEARCH_PATHS = "$(inherited) @executable_path/Frameworks";
				PRODUCT_BUNDLE_IDENTIFIER = com.pman215.ToastNotifications;
				PRODUCT_NAME = "$(TARGET_NAME)";
				SWIFT_VERSION = 3.0;
			};
			name = Release;
		};
		A7A9CF6C1CFF7EFE0055A3F6 /* Debug */ = {
			isa = XCBuildConfiguration;
			buildSettings = {
				BUNDLE_LOADER = "$(TEST_HOST)";
				CLANG_ENABLE_MODULES = YES;
				INFOPLIST_FILE = ToastNotificationsTests/Info.plist;
				LD_RUNPATH_SEARCH_PATHS = "$(inherited) @executable_path/Frameworks @loader_path/Frameworks";
				PRODUCT_BUNDLE_IDENTIFIER = com.pman215.ToastNotificationsTests;
				PRODUCT_NAME = "$(TARGET_NAME)";
				SWIFT_OBJC_BRIDGING_HEADER = "ToastNotificationsTests/ToastNotificationsTests-Bridging-Header.h";
				SWIFT_OPTIMIZATION_LEVEL = "-Onone";
				SWIFT_VERSION = 3.0;
				TEST_HOST = "$(BUILT_PRODUCTS_DIR)/ToastNotifications.app/ToastNotifications";
			};
			name = Debug;
		};
		A7A9CF6D1CFF7EFE0055A3F6 /* Release */ = {
			isa = XCBuildConfiguration;
			buildSettings = {
				BUNDLE_LOADER = "$(TEST_HOST)";
				CLANG_ENABLE_MODULES = YES;
				INFOPLIST_FILE = ToastNotificationsTests/Info.plist;
				LD_RUNPATH_SEARCH_PATHS = "$(inherited) @executable_path/Frameworks @loader_path/Frameworks";
				PRODUCT_BUNDLE_IDENTIFIER = com.pman215.ToastNotificationsTests;
				PRODUCT_NAME = "$(TARGET_NAME)";
				SWIFT_OBJC_BRIDGING_HEADER = "ToastNotificationsTests/ToastNotificationsTests-Bridging-Header.h";
				SWIFT_VERSION = 3.0;
				TEST_HOST = "$(BUILT_PRODUCTS_DIR)/ToastNotifications.app/ToastNotifications";
			};
			name = Release;
		};
/* End XCBuildConfiguration section */

/* Begin XCConfigurationList section */
		A7A9CF461CFF7EFE0055A3F6 /* Build configuration list for PBXProject "ToastNotifications" */ = {
			isa = XCConfigurationList;
			buildConfigurations = (
				A7A9CF661CFF7EFE0055A3F6 /* Debug */,
				A7A9CF671CFF7EFE0055A3F6 /* Release */,
			);
			defaultConfigurationIsVisible = 0;
			defaultConfigurationName = Release;
		};
		A7A9CF681CFF7EFE0055A3F6 /* Build configuration list for PBXNativeTarget "ToastNotifications" */ = {
			isa = XCConfigurationList;
			buildConfigurations = (
				A7A9CF691CFF7EFE0055A3F6 /* Debug */,
				A7A9CF6A1CFF7EFE0055A3F6 /* Release */,
			);
			defaultConfigurationIsVisible = 0;
			defaultConfigurationName = Release;
		};
		A7A9CF6B1CFF7EFE0055A3F6 /* Build configuration list for PBXNativeTarget "ToastNotificationsTests" */ = {
			isa = XCConfigurationList;
			buildConfigurations = (
				A7A9CF6C1CFF7EFE0055A3F6 /* Debug */,
				A7A9CF6D1CFF7EFE0055A3F6 /* Release */,
			);
			defaultConfigurationIsVisible = 0;
			defaultConfigurationName = Release;
		};
/* End XCConfigurationList section */
	};
	rootObject = A7A9CF431CFF7EFE0055A3F6 /* Project object */;
}
